
Microsoft Visual Studio Solution File, Format Version 12.00
# Visual Studio Version 18
VisualStudioVersion = 18.2.11408.102
MinimumVisualStudioVersion = 10.0.40219.1
Project("{FAE04EC0-301F-11D3-BF4B-00C04F79EFBC}") = "CypressLauncher", "CypressLauncher.csproj", "{834CA884-F62F-9731-335A-795883C20D54}"
EndProject
Global
	GlobalSection(SolutionConfigurationPlatforms) = preSolution
		Debug|Any CPU = Debug|Any CPU
		Release|Any CPU = Release|Any CPU
	EndGlobalSection
	GlobalSection(ProjectConfigurationPlatforms) = postSolution
		{834CA884-F62F-9731-335A-795883C20D54}.Debug|Any CPU.ActiveCfg = Debug|Any CPU
		{834CA884-F62F-9731-335A-795883C20D54}.Debug|Any CPU.Build.0 = Debug|Any CPU
		{834CA884-F62F-9731-335A-795883C20D54}.Release|Any CPU.ActiveCfg = Release|Any CPU
		{834CA884-F62F-9731-335A-795883C20D54}.Release|Any CPU.Build.0 = Release|Any CPU
	EndGlobalSection
	GlobalSection(SolutionProperties) = preSolution
		HideSolutionNode = FALSE
	EndGlobalSection
	GlobalSection(ExtensibilityGlobals) = postSolution
		SolutionGuid = {5ED6F9B7-57FD-447D-B869-F17D9BA55017}
	EndGlobalSection
EndGlobal
